
Microsoft Visual Studio Solution File, Format Version 12.00
Project("{FAE04EC0-301F-11D3-BF4B-00C04F79EFBC}") = "SampleApp", "net8\SampleApp.csproj", "{84F443F1-A31B-45E6-859D-A907E36D7B87}"
EndProject
Project("{FAE04EC0-301F-11D3-BF4B-00C04F79EFBC}") = "Tailwind.Extensions.AspNetCore", "..\src\Tailwind.Extensions.AspNetCore\Tailwind.Extensions.AspNetCore.csproj", "{DD1C002C-4E93-462A-BD42-EE2CD0815FC1}"
EndProject
Global
	GlobalSection(SolutionConfigurationPlatforms) = preSolution
		Debug|Any CPU = Debug|Any CPU
		Release|Any CPU = Release|Any CPU
	EndGlobalSection
	GlobalSection(ProjectConfigurationPlatforms) = postSolution
		{84F443F1-A31B-45E6-859D-A907E36D7B87}.Debug|Any CPU.ActiveCfg = Debug|Any CPU
		{84F443F1-A31B-45E6-859D-A907E36D7B87}.Debug|Any CPU.Build.0 = Debug|Any CPU
		{84F443F1-A31B-45E6-859D-A907E36D7B87}.Release|Any CPU.ActiveCfg = Release|Any CPU
		{84F443F1-A31B-45E6-859D-A907E36D7B87}.Release|Any CPU.Build.0 = Release|Any CPU
		{DD1C002C-4E93-462A-BD42-EE2CD0815FC1}.Debug|Any CPU.ActiveCfg = Debug|Any CPU
		{DD1C002C-4E93-462A-BD42-EE2CD0815FC1}.Debug|Any CPU.Build.0 = Debug|Any CPU
		{DD1C002C-4E93-462A-BD42-EE2CD0815FC1}.Release|Any CPU.ActiveCfg = Release|Any CPU
		{DD1C002C-4E93-462A-BD42-EE2CD0815FC1}.Release|Any CPU.Build.0 = Release|Any CPU
	EndGlobalSection
EndGlobal
